
Microsoft Visual Studio Solution File, Format Version 12.00
# Visual Studio Version 17
VisualStudioVersion = 17.5.33530.505
MinimumVisualStudioVersion = 10.0.40219.1
Project("{9A19103F-16F7-4668-BE54-9A1E7A4F7556}") = "BuildingGen", "BuildingGen\BuildingGen.csproj", "{CB649904-8566-45E4-ABC0-937DD39B37E7}"
EndProject
Project("{9A19103F-16F7-4668-BE54-9A1E7A4F7556}") = "Visualize", "Visualize\Visualize.csproj", "{776E47DC-C376-4164-89FE-D41DDED51C84}"
EndProject
Global
	GlobalSection(SolutionConfigurationPlatforms) = preSolution
		Debug|Any CPU = Debug|Any CPU
		Release|Any CPU = Release|Any CPU
	EndGlobalSection
	GlobalSection(ProjectConfigurationPlatforms) = postSolution
		{CB649904-8566-45E4-ABC0-937DD39B37E7}.Debug|Any CPU.ActiveCfg = Debug|Any CPU
		{CB649904-8566-45E4-ABC0-937DD39B37E7}.Debug|Any CPU.Build.0 = Debug|Any CPU
		{CB649904-8566-45E4-ABC0-937DD39B37E7}.Release|Any CPU.ActiveCfg = Release|Any CPU
		{CB649904-8566-45E4-ABC0-937DD39B37E7}.Release|Any CPU.Build.0 = Release|Any CPU
		{776E47DC-C376-4164-89FE-D41DDED51C84}.Debug|Any CPU.ActiveCfg = Debug|Any CPU
		{776E47DC-C376-4164-89FE-D41DDED51C84}.Debug|Any CPU.Build.0 = Debug|Any CPU
		{776E47DC-C376-4164-89FE-D41DDED51C84}.Release|Any CPU.ActiveCfg = Release|Any CPU
		{776E47DC-C376-4164-89FE-D41DDED51C84}.Release|Any CPU.Build.0 = Release|Any CPU
	EndGlobalSection
	GlobalSection(SolutionProperties) = preSolution
		HideSolutionNode = FALSE
	EndGlobalSection
	GlobalSection(ExtensibilityGlobals) = postSolution
		SolutionGuid = {19BB457A-3AC0-46EE-9A17-7F9F40954655}
	EndGlobalSection
EndGlobal
